{
  "name": "lattice-watering",
  "lockfileVersion": 2,
  "requires": true,
  "packages": {
    "": {
      "dependencies": {
        "node-cbor": "^5.0.4"
      }
    },
    "node_modules/bignumber.js": {
      "version": "9.0.2",
      "resolved": "https://registry.npmjs.org/bignumber.js/-/bignumber.js-9.0.2.tgz",
      "integrity": "sha512-GAcQvbpsM0pUb0zw1EI0KhQEZ+lRwR5fYaAp3vPOYuP7aDvGy6cVN6XHLauvF8SOga2y0dcLcjt3iQDTSEliyw==",
      "engines": {
        "node": "*"
      }
    },
    "node_modules/node-cbor": {
      "version": "5.0.4",
      "resolved": "https://registry.npmjs.org/node-cbor/-/node-cbor-5.0.4.tgz",
      "integrity": "sha512-Latk0PW53HQTZ01CqUSPhyIm0JI+rRpNBS52iNRHOCO+xTwL+b5FN1nMh/jMgTB0uPdkQFx1l9Q6dTkJ9CZ6FA==",
      "dependencies": {
        "bignumber.js": "^9.0.0",
        "nofilter": "^1.0.3"
      },
      "engines": {
        "node": ">=6.0.0"
      }
    },
    "node_modules/nofilter": {
      "version": "1.0.4",
      "resolved": "https://registry.npmjs.org/nofilter/-/nofilter-1.0.4.tgz",
      "integrity": "sha512-N8lidFp+fCz+TD51+haYdbDGrcBWwuHX40F5+z0qkUjMJ5Tp+rdSuAkMJ9N9eoolDlEVTf6u5icM+cNKkKW2mA==",
      "engines": {
        "node": ">=8"
      }
    }
  },
  "dependencies": {
    "bignumber.js": {
      "version": "9.0.2",
      "resolved": "https://registry.npmjs.org/bignumber.js/-/bignumber.js-9.0.2.tgz",
      "integrity": "sha512-GAcQvbpsM0pUb0zw1EI0KhQEZ+lRwR5fYaAp3vPOYuP7aDvGy6cVN6XHLauvF8SOga2y0dcLcjt3iQDTSEliyw=="
    },
    "node-cbor": {
      "version": "5.0.4",
      "resolved": "https://registry.npmjs.org/node-cbor/-/node-cbor-5.0.4.tgz",
      "integrity": "sha512-Latk0PW53HQTZ01CqUSPhyIm0JI+rRpNBS52iNRHOCO+xTwL+b5FN1nMh/jMgTB0uPdkQFx1l9Q6dTkJ9CZ6FA==",
      "requires": {
        "bignumber.js": "^9.0.0",
        "nofilter": "^1.0.3"
      }
    },
    "nofilter": {
      "version": "1.0.4",
      "resolved": "https://registry.npmjs.org/nofilter/-/nofilter-1.0.4.tgz",
      "integrity": "sha512-N8lidFp+fCz+TD51+haYdbDGrcBWwuHX40F5+z0qkUjMJ5Tp+rdSuAkMJ9N9eoolDlEVTf6u5icM+cNKkKW2mA=="
    }
  }
}
